
Microsoft Visual Studio Solution File, Format Version 12.00
# Visual Studio Version 16
VisualStudioVersion = 16.0.34031.81
MinimumVisualStudioVersion = 10.0.40219.1
Project("{FAE04EC0-301F-11D3-BF4B-00C04F79EFBC}") = "TAREA1", "TAREA1\TAREA1.csproj", "{0B14B0CD-9659-4F51-A3E6-6F3BDCD6C1ED}"
EndProject
Global
	GlobalSection(SolutionConfigurationPlatforms) = preSolution
		Debug|Any CPU = Debug|Any CPU
		Release|Any CPU = Release|Any CPU
	EndGlobalSection
	GlobalSection(ProjectConfigurationPlatforms) = postSolution
		{0B14B0CD-9659-4F51-A3E6-6F3BDCD6C1ED}.Debug|Any CPU.ActiveCfg = Debug|Any CPU
		{0B14B0CD-9659-4F51-A3E6-6F3BDCD6C1ED}.Debug|Any CPU.Build.0 = Debug|Any CPU
		{0B14B0CD-9659-4F51-A3E6-6F3BDCD6C1ED}.Release|Any CPU.ActiveCfg = Release|Any CPU
		{0B14B0CD-9659-4F51-A3E6-6F3BDCD6C1ED}.Release|Any CPU.Build.0 = Release|Any CPU
	EndGlobalSection
	GlobalSection(SolutionProperties) = preSolution
		HideSolutionNode = FALSE
	EndGlobalSection
	GlobalSection(ExtensibilityGlobals) = postSolution
		SolutionGuid = {16230589-19B9-42BE-B122-291DAD32AFCE}
	EndGlobalSection
EndGlobal
